// !$*UTF8*$!
{
	archiveVersion = 1;
	classes = {
	};
	objectVersion = 54;
	objects = {

/* Begin PBXBuildFile section */
		00E356F31AD99517003FC87E /* myappTests.m in Sources */ = {isa = PBXBuildFile; fileRef = 00E356F21AD99517003FC87E /* myappTests.m */; };
		13B07FBC1A68108700A75B9A /* AppDelegate.m in Sources */ = {isa = PBXBuildFile; fileRef = 13B07FB01A68108700A75B9A /* AppDelegate.m */; };
		13B07FBF1A68108700A75B9A /* Images.xcassets in Resources */ = {isa = PBXBuildFile; fileRef = 13B07FB51A68108700A75B9A /* Images.xcassets */; };
		13B07FC11A68108700A75B9A /* main.m in Sources */ = {isa = PBXBuildFile; fileRef = 13B07FB71A68108700A75B9A /* main.m */; };
		81AB9BB82411601600AC10FF /* LaunchScreen.storyboard in Resources */ = {isa = PBXBuildFile; fileRef = 81AB9BB72411601600AC10FF /* LaunchScreen.storyboard */; };
		C301761A0A444688827E6FDD /* AntDesign.ttf in Resources */ = {isa = PBXBuildFile; fileRef = 29825DE654924291ABEE8299 /* AntDesign.ttf */; };
		9F03B87E4E2940BFB9CD9C65 /* Entypo.ttf in Resources */ = {isa = PBXBuildFile; fileRef = 012C23A34D194DC7939038C0 /* Entypo.ttf */; };
		2E3B706DA70F461F99D99442 /* EvilIcons.ttf in Resources */ = {isa = PBXBuildFile; fileRef = 1A579F8A11C8479C953325AA /* EvilIcons.ttf */; };
		4AC1496F1F85432188669E23 /* Feather.ttf in Resources */ = {isa = PBXBuildFile; fileRef = F1AC9DD124B7439CAA26E343 /* Feather.ttf */; };
		1568F55CB1A644E9A93D50D4 /* FontAwesome.ttf in Resources */ = {isa = PBXBuildFile; fileRef = E85A08CFB3E842FE9DC5C7A4 /* FontAwesome.ttf */; };
		F5F235BA79AF4B38ACC2A401 /* FontAwesome5_Brands.ttf in Resources */ = {isa = PBXBuildFile; fileRef = EB2F83BBBA4B4F548A3C368E /* FontAwesome5_Brands.ttf */; };
		1A65345087244C1694748406 /* FontAwesome5_Regular.ttf in Resources */ = {isa = PBXBuildFile; fileRef = 80ABB86012DE4CA9A31B9D93 /* FontAwesome5_Regular.ttf */; };
		FD871A7DAA6F4E4CB374CA6C /* FontAwesome5_Solid.ttf in Resources */ = {isa = PBXBuildFile; fileRef = BB8BBF60FA6F45FF8FB62953 /* FontAwesome5_Solid.ttf */; };
		51B292058D6F42238491482E /* Fontisto.ttf in Resources */ = {isa = PBXBuildFile; fileRef = 6B78A11141A4469EAA728E12 /* Fontisto.ttf */; };
		87E90F68A8EF455C90BE7C5D /* Foundation.ttf in Resources */ = {isa = PBXBuildFile; fileRef = 17BD604013CF4D9EB9020281 /* Foundation.ttf */; };
		B5D1489AE1F644EB9FE838FC /* Ionicons.ttf in Resources */ = {isa = PBXBuildFile; fileRef = C9FF29F31A9B4CA7BDE53C67 /* Ionicons.ttf */; };
		77445087F3774D98B5F9BD22 /* MaterialCommunityIcons.ttf in Resources */ = {isa = PBXBuildFile; fileRef = D9059FA2FE77456D8ECA026F /* MaterialCommunityIcons.ttf */; };
		B3E76588B8D44F8482DC0B99 /* MaterialIcons.ttf in Resources */ = {isa = PBXBuildFile; fileRef = DF2F878098C243568492F77A /* MaterialIcons.ttf */; };
		674E80A2BAAF42AC9BF424E2 /* Octicons.ttf in Resources */ = {isa = PBXBuildFile; fileRef = C09528FC3AF14EC6BAB70FD0 /* Octicons.ttf */; };
		F1499CB6815A44FEA48A7249 /* SimpleLineIcons.ttf in Resources */ = {isa = PBXBuildFile; fileRef = 9DEBBFA0C2334C129E0A9F4B /* SimpleLineIcons.ttf */; };
		36FA236474BA434092B80A4F /* Zocial.ttf in Resources */ = {isa = PBXBuildFile; fileRef = CC841E26E8274F4E878D7A4E /* Zocial.ttf */; };
		A4D8C3ECEBA84C949241903A /* Poppins-Black.ttf in Resources */ = {isa = PBXBuildFile; fileRef = 34C1176798724F9F854DDC28 /* Poppins-Black.ttf */; };
		815A008D97504938A025A5FA /* Poppins-BlackItalic.ttf in Resources */ = {isa = PBXBuildFile; fileRef = 01DC1558DCA7404A9A2F24E8 /* Poppins-BlackItalic.ttf */; };
		562C041AF2A946C186F785C4 /* Poppins-Bold.ttf in Resources */ = {isa = PBXBuildFile; fileRef = 7B175FD92CA14D9DB0520A6B /* Poppins-Bold.ttf */; };
		E7BC712B942E42B88CFFF26E /* Poppins-BoldItalic.ttf in Resources */ = {isa = PBXBuildFile; fileRef = 2ED887F9BDB341AE96C787C3 /* Poppins-BoldItalic.ttf */; };
		04066C47B73043A3A61EFA6E /* Poppins-ExtraBold.ttf in Resources */ = {isa = PBXBuildFile; fileRef = 7B5E5BE1C72E40039114A225 /* Poppins-ExtraBold.ttf */; };
		0CBCB00F85B142828C3110EE /* Poppins-ExtraBoldItalic.ttf in Resources */ = {isa = PBXBuildFile; fileRef = B8076AAE2B6A492187EF3DCB /* Poppins-ExtraBoldItalic.ttf */; };
		6D92C8D4B47E420CA0D4B037 /* Poppins-ExtraLight.ttf in Resources */ = {isa = PBXBuildFile; fileRef = FA81AAE526F5442E83927B85 /* Poppins-ExtraLight.ttf */; };
		74C6E8C0213C49DE89BCB92B /* Poppins-ExtraLightItalic.ttf in Resources */ = {isa = PBXBuildFile; fileRef = 62338172B6FC40AF9FD5AFDD /* Poppins-ExtraLightItalic.ttf */; };
		549702872CB64700BFEDB11E /* Poppins-Italic.ttf in Resources */ = {isa = PBXBuildFile; fileRef = 3FC262841E4C461BA4BC6153 /* Poppins-Italic.ttf */; };
		F6B7BD71832644B1B377A54E /* Poppins-Light.ttf in Resources */ = {isa = PBXBuildFile; fileRef = E64950D514394671BB274C01 /* Poppins-Light.ttf */; };
		8D532D11BF7C4AD198398B62 /* Poppins-LightItalic.ttf in Resources */ = {isa = PBXBuildFile; fileRef = 1F06D9BA66F14534B6286895 /* Poppins-LightItalic.ttf */; };
		A6E875B8E003481EBF5CCB21 /* Poppins-Medium.ttf in Resources */ = {isa = PBXBuildFile; fileRef = 6344FC27EA2647A499842423 /* Poppins-Medium.ttf */; };
		CC71128FE89B46BBB9A73272 /* Poppins-MediumItalic.ttf in Resources */ = {isa = PBXBuildFile; fileRef = 3B72B2694C144040BA8EEBC2 /* Poppins-MediumItalic.ttf */; };
		BDE19CC330D24AA2B86A74B7 /* Poppins-Regular.ttf in Resources */ = {isa = PBXBuildFile; fileRef = D1FCADFD9131425A9EE33B18 /* Poppins-Regular.ttf */; };
		98A1FDE0B4BE4232954B51F3 /* Poppins-SemiBold.ttf in Resources */ = {isa = PBXBuildFile; fileRef = 19AAD3DFDB5E45E5B28EBA08 /* Poppins-SemiBold.ttf */; };
		267213F7F36144A68E7B5A0F /* Poppins-SemiBoldItalic.ttf in Resources */ = {isa = PBXBuildFile; fileRef = BD6E4AAFDDD646FB9E0A9F86 /* Poppins-SemiBoldItalic.ttf */; };
		CD96F3ED19224F0A9C0E5AFE /* Poppins-Thin.ttf in Resources */ = {isa = PBXBuildFile; fileRef = D646403A9B354B89950B123E /* Poppins-Thin.ttf */; };
		7FFA9CA93B4B4DE891CB3609 /* Poppins-ThinItalic.ttf in Resources */ = {isa = PBXBuildFile; fileRef = BB1ED6A263724130BC7E533F /* Poppins-ThinItalic.ttf */; };
		13A1EE688ECC4579845BD406 /* Roboto-Black.ttf in Resources */ = {isa = PBXBuildFile; fileRef = D05DF10C297B41D69B76AA54 /* Roboto-Black.ttf */; };
		72EE99E23B9049FF9691C3FD /* Roboto-BlackItalic.ttf in Resources */ = {isa = PBXBuildFile; fileRef = 1A6B5D8A67DB4D9ABDCAF909 /* Roboto-BlackItalic.ttf */; };
		406A3C8B202A4FF39188DEE6 /* Roboto-Bold.ttf in Resources */ = {isa = PBXBuildFile; fileRef = 5A35E9FB60124FCBBC5D7A48 /* Roboto-Bold.ttf */; };
		D965CC2CC6DB43FD8830827C /* Roboto-BoldItalic.ttf in Resources */ = {isa = PBXBuildFile; fileRef = 49827511E7C945149562A41A /* Roboto-BoldItalic.ttf */; };
		9FA8564BF35E464F9050CBBE /* Roboto-Italic.ttf in Resources */ = {isa = PBXBuildFile; fileRef = 2DB109CEA9A7456FBD6C6874 /* Roboto-Italic.ttf */; };
		964FAD73B3364FC784398811 /* Roboto-Light.ttf in Resources */ = {isa = PBXBuildFile; fileRef = 23A3C59408A245F1A9DA959B /* Roboto-Light.ttf */; };
		A4A484DF4D934AD59E60C4A2 /* Roboto-LightItalic.ttf in Resources */ = {isa = PBXBuildFile; fileRef = 31E6D81BFD864F39A687005C /* Roboto-LightItalic.ttf */; };
		DBD83C84224543E29A79383B /* Roboto-Medium.ttf in Resources */ = {isa = PBXBuildFile; fileRef = 2AFA304D9EEA43D081631251 /* Roboto-Medium.ttf */; };
		5B2AF1AFA258429EB44CF51C /* Roboto-MediumItalic.ttf in Resources */ = {isa = PBXBuildFile; fileRef = 234DE66EC5044D16A05EC867 /* Roboto-MediumItalic.ttf */; };
		F36E997C65854FDD81447ADD /* Roboto-Regular.ttf in Resources */ = {isa = PBXBuildFile; fileRef = E66960C10CC44DC281D0CEB5 /* Roboto-Regular.ttf */; };
		798A03D3C7CC436EA11CB0C4 /* Roboto-Thin.ttf in Resources */ = {isa = PBXBuildFile; fileRef = 404D732B443B4BB5AA695618 /* Roboto-Thin.ttf */; };
		2E23DCA4A86443FF82B82501 /* Roboto-ThinItalic.ttf in Resources */ = {isa = PBXBuildFile; fileRef = C3C19407692F4FF29FBADA9E /* Roboto-ThinItalic.ttf */; };
		77BC139D2D3E45FA97A289E2 /* Cambay-Bold.ttf in Resources */ = {isa = PBXBuildFile; fileRef = BAB6EA1B45FB4780A0915336 /* Cambay-Bold.ttf */; };
		75A2A75D26014759A1BC083A /* Cambay-BoldItalic.ttf in Resources */ = {isa = PBXBuildFile; fileRef = 373E47E1004F42EDAFE4534F /* Cambay-BoldItalic.ttf */; };
		2B29A7ED2FF849918E1912C6 /* Cambay-Italic.ttf in Resources */ = {isa = PBXBuildFile; fileRef = 39DA821977F64ECE8646A967 /* Cambay-Italic.ttf */; };
		149F982F194E47FBB8689699 /* Cambay-Regular.ttf in Resources */ = {isa = PBXBuildFile; fileRef = 0ECFD8208F9144C989890160 /* Cambay-Regular.ttf */; };
		A122BA40F91848AB91006B54 /* Lato-Black.ttf in Resources */ = {isa = PBXBuildFile; fileRef = 2CE0761351564E32A90046DA /* Lato-Black.ttf */; };
		6BED3C19E47342FFA6CE38FF /* Lato-BlackItalic.ttf in Resources */ = {isa = PBXBuildFile; fileRef = 412E654DF4274767A3528382 /* Lato-BlackItalic.ttf */; };
		05926EA9634143E99416450B /* Lato-Bold.ttf in Resources */ = {isa = PBXBuildFile; fileRef = 56885E98412847FB923B8C82 /* Lato-Bold.ttf */; };
		65065C710A6C43F78048098A /* Lato-BoldItalic.ttf in Resources */ = {isa = PBXBuildFile; fileRef = 81AB1D15E2284AA59DDC3BDE /* Lato-BoldItalic.ttf */; };
		86DB67F741DF43E2AD4A20F0 /* Lato-Italic.ttf in Resources */ = {isa = PBXBuildFile; fileRef = 13AA3961116F4D63AAE1D572 /* Lato-Italic.ttf */; };
		2D9F9F302C504E02B8694D1B /* Lato-Light.ttf in Resources */ = {isa = PBXBuildFile; fileRef = 2CCD0B164D3540138886EB07 /* Lato-Light.ttf */; };
		7F7EA63343C7450F9140F107 /* Lato-LightItalic.ttf in Resources */ = {isa = PBXBuildFile; fileRef = 7BDBB4C9994445ACA45FB42D /* Lato-LightItalic.ttf */; };
		A71D21398F114F099AB943D6 /* Lato-Regular.ttf in Resources */ = {isa = PBXBuildFile; fileRef = 1C7E29C447AA4682973FF3D0 /* Lato-Regular.ttf */; };
		81C36B9143704B68B52B5EE7 /* Lato-Thin.ttf in Resources */ = {isa = PBXBuildFile; fileRef = 191EF123928546A39EB36CD5 /* Lato-Thin.ttf */; };
		9567BF51555D479BB9C8444A /* Lato-ThinItalic.ttf in Resources */ = {isa = PBXBuildFile; fileRef = 658BA006700B4344B4F82D0F /* Lato-ThinItalic.ttf */; };
/* End PBXBuildFile section */

/* Begin PBXContainerItemProxy section */
		00E356F41AD99517003FC87E /* PBXContainerItemProxy */ = {
			isa = PBXContainerItemProxy;
			containerPortal = 83CBB9F71A601CBA00E9B192 /* Project object */;
			proxyType = 1;
			remoteGlobalIDString = 13B07F861A680F5B00A75B9A;
			remoteInfo = myapp;
		};
/* End PBXContainerItemProxy section */

/* Begin PBXFileReference section */
		00E356EE1AD99517003FC87E /* myappTests.xctest */ = {isa = PBXFileReference; explicitFileType = wrapper.cfbundle; includeInIndex = 0; path = myappTests.xctest; sourceTree = BUILT_PRODUCTS_DIR; };
		00E356F11AD99517003FC87E /* Info.plist */ = {isa = PBXFileReference; lastKnownFileType = text.plist.xml; path = Info.plist; sourceTree = "<group>"; };
		00E356F21AD99517003FC87E /* myappTests.m */ = {isa = PBXFileReference; lastKnownFileType = sourcecode.c.objc; path = myappTests.m; sourceTree = "<group>"; };
		13B07F961A680F5B00A75B9A /* myapp.app */ = {isa = PBXFileReference; explicitFileType = wrapper.application; includeInIndex = 0; path = myapp.app; sourceTree = BUILT_PRODUCTS_DIR; };
		13B07FAF1A68108700A75B9A /* AppDelegate.h */ = {isa = PBXFileReference; fileEncoding = 4; lastKnownFileType = sourcecode.c.h; name = AppDelegate.h; path = myapp/AppDelegate.h; sourceTree = "<group>"; };
		13B07FB01A68108700A75B9A /* AppDelegate.m */ = {isa = PBXFileReference; fileEncoding = 4; lastKnownFileType = sourcecode.c.objc; name = AppDelegate.m; path = myapp/AppDelegate.m; sourceTree = "<group>"; };
		13B07FB51A68108700A75B9A /* Images.xcassets */ = {isa = PBXFileReference; lastKnownFileType = folder.assetcatalog; name = Images.xcassets; path = myapp/Images.xcassets; sourceTree = "<group>"; };
		13B07FB61A68108700A75B9A /* Info.plist */ = {isa = PBXFileReference; fileEncoding = 4; lastKnownFileType = text.plist.xml; name = Info.plist; path = myapp/Info.plist; sourceTree = "<group>"; };
		13B07FB71A68108700A75B9A /* main.m */ = {isa = PBXFileReference; fileEncoding = 4; lastKnownFileType = sourcecode.c.objc; name = main.m; path = myapp/main.m; sourceTree = "<group>"; };
		81AB9BB72411601600AC10FF /* LaunchScreen.storyboard */ = {isa = PBXFileReference; fileEncoding = 4; lastKnownFileType = file.storyboard; name = LaunchScreen.storyboard; path = myapp/LaunchScreen.storyboard; sourceTree = "<group>"; };
		ED297162215061F000B7C4FE /* JavaScriptCore.framework */ = {isa = PBXFileReference; lastKnownFileType = wrapper.framework; name = JavaScriptCore.framework; path = System/Library/Frameworks/JavaScriptCore.framework; sourceTree = SDKROOT; };
		29825DE654924291ABEE8299 /* AntDesign.ttf */ = {isa = PBXFileReference; name = "AntDesign.ttf"; path = "../node_modules/react-native-vector-icons/Fonts/AntDesign.ttf"; sourceTree = "<group>"; fileEncoding = undefined; lastKnownFileType = unknown; explicitFileType = undefined; includeInIndex = 0; };
		012C23A34D194DC7939038C0 /* Entypo.ttf */ = {isa = PBXFileReference; name = "Entypo.ttf"; path = "../node_modules/react-native-vector-icons/Fonts/Entypo.ttf"; sourceTree = "<group>"; fileEncoding = undefined; lastKnownFileType = unknown; explicitFileType = undefined; includeInIndex = 0; };
		1A579F8A11C8479C953325AA /* EvilIcons.ttf */ = {isa = PBXFileReference; name = "EvilIcons.ttf"; path = "../node_modules/react-native-vector-icons/Fonts/EvilIcons.ttf"; sourceTree = "<group>"; fileEncoding = undefined; lastKnownFileType = unknown; explicitFileType = undefined; includeInIndex = 0; };
		F1AC9DD124B7439CAA26E343 /* Feather.ttf */ = {isa = PBXFileReference; name = "Feather.ttf"; path = "../node_modules/react-native-vector-icons/Fonts/Feather.ttf"; sourceTree = "<group>"; fileEncoding = undefined; lastKnownFileType = unknown; explicitFileType = undefined; includeInIndex = 0; };
		E85A08CFB3E842FE9DC5C7A4 /* FontAwesome.ttf */ = {isa = PBXFileReference; name = "FontAwesome.ttf"; path = "../node_modules/react-native-vector-icons/Fonts/FontAwesome.ttf"; sourceTree = "<group>"; fileEncoding = undefined; lastKnownFileType = unknown; explicitFileType = undefined; includeInIndex = 0; };
		EB2F83BBBA4B4F548A3C368E /* FontAwesome5_Brands.ttf */ = {isa = PBXFileReference; name = "FontAwesome5_Brands.ttf"; path = "../node_modules/react-native-vector-icons/Fonts/FontAwesome5_Brands.ttf"; sourceTree = "<group>"; fileEncoding = undefined; lastKnownFileType = unknown; explicitFileType = undefined; includeInIndex = 0; };
		80ABB86012DE4CA9A31B9D93 /* FontAwesome5_Regular.ttf */ = {isa = PBXFileReference; name = "FontAwesome5_Regular.ttf"; path = "../node_modules/react-native-vector-icons/Fonts/FontAwesome5_Regular.ttf"; sourceTree = "<group>"; fileEncoding = undefined; lastKnownFileType = unknown; explicitFileType = undefined; includeInIndex = 0; };
		BB8BBF60FA6F45FF8FB62953 /* FontAwesome5_Solid.ttf */ = {isa = PBXFileReference; name = "FontAwesome5_Solid.ttf"; path = "../node_modules/react-native-vector-icons/Fonts/FontAwesome5_Solid.ttf"; sourceTree = "<group>"; fileEncoding = undefined; lastKnownFileType = unknown; explicitFileType = undefined; includeInIndex = 0; };
		6B78A11141A4469EAA728E12 /* Fontisto.ttf */ = {isa = PBXFileReference; name = "Fontisto.ttf"; path = "../node_modules/react-native-vector-icons/Fonts/Fontisto.ttf"; sourceTree = "<group>"; fileEncoding = undefined; lastKnownFileType = unknown; explicitFileType = undefined; includeInIndex = 0; };
		17BD604013CF4D9EB9020281 /* Foundation.ttf */ = {isa = PBXFileReference; name = "Foundation.ttf"; path = "../node_modules/react-native-vector-icons/Fonts/Foundation.ttf"; sourceTree = "<group>"; fileEncoding = undefined; lastKnownFileType = unknown; explicitFileType = undefined; includeInIndex = 0; };
		C9FF29F31A9B4CA7BDE53C67 /* Ionicons.ttf */ = {isa = PBXFileReference; name = "Ionicons.ttf"; path = "../node_modules/react-native-vector-icons/Fonts/Ionicons.ttf"; sourceTree = "<group>"; fileEncoding = undefined; lastKnownFileType = unknown; explicitFileType = undefined; includeInIndex = 0; };
		D9059FA2FE77456D8ECA026F /* MaterialCommunityIcons.ttf */ = {isa = PBXFileReference; name = "MaterialCommunityIcons.ttf"; path = "../node_modules/react-native-vector-icons/Fonts/MaterialCommunityIcons.ttf"; sourceTree = "<group>"; fileEncoding = undefined; lastKnownFileType = unknown; explicitFileType = undefined; includeInIndex = 0; };
		DF2F878098C243568492F77A /* MaterialIcons.ttf */ = {isa = PBXFileReference; name = "MaterialIcons.ttf"; path = "../node_modules/react-native-vector-icons/Fonts/MaterialIcons.ttf"; sourceTree = "<group>"; fileEncoding = undefined; lastKnownFileType = unknown; explicitFileType = undefined; includeInIndex = 0; };
		C09528FC3AF14EC6BAB70FD0 /* Octicons.ttf */ = {isa = PBXFileReference; name = "Octicons.ttf"; path = "../node_modules/react-native-vector-icons/Fonts/Octicons.ttf"; sourceTree = "<group>"; fileEncoding = undefined; lastKnownFileType = unknown; explicitFileType = undefined; includeInIndex = 0; };
		9DEBBFA0C2334C129E0A9F4B /* SimpleLineIcons.ttf */ = {isa = PBXFileReference; name = "SimpleLineIcons.ttf"; path = "../node_modules/react-native-vector-icons/Fonts/SimpleLineIcons.ttf"; sourceTree = "<group>"; fileEncoding = undefined; lastKnownFileType = unknown; explicitFileType = undefined; includeInIndex = 0; };
		CC841E26E8274F4E878D7A4E /* Zocial.ttf */ = {isa = PBXFileReference; name = "Zocial.ttf"; path = "../node_modules/react-native-vector-icons/Fonts/Zocial.ttf"; sourceTree = "<group>"; fileEncoding = undefined; lastKnownFileType = unknown; explicitFileType = undefined; includeInIndex = 0; };
		34C1176798724F9F854DDC28 /* Poppins-Black.ttf */ = {isa = PBXFileReference; name = "Poppins-Black.ttf"; path = "../assets/fonts/Poppins-Black.ttf"; sourceTree = "<group>"; fileEncoding = undefined; lastKnownFileType = unknown; explicitFileType = undefined; includeInIndex = 0; };
		01DC1558DCA7404A9A2F24E8 /* Poppins-BlackItalic.ttf */ = {isa = PBXFileReference; name = "Poppins-BlackItalic.ttf"; path = "../assets/fonts/Poppins-BlackItalic.ttf"; sourceTree = "<group>"; fileEncoding = undefined; lastKnownFileType = unknown; explicitFileType = undefined; includeInIndex = 0; };
		7B175FD92CA14D9DB0520A6B /* Poppins-Bold.ttf */ = {isa = PBXFileReference; name = "Poppins-Bold.ttf"; path = "../assets/fonts/Poppins-Bold.ttf"; sourceTree = "<group>"; fileEncoding = undefined; lastKnownFileType = unknown; explicitFileType = undefined; includeInIndex = 0; };
		2ED887F9BDB341AE96C787C3 /* Poppins-BoldItalic.ttf */ = {isa = PBXFileReference; name = "Poppins-BoldItalic.ttf"; path = "../assets/fonts/Poppins-BoldItalic.ttf"; sourceTree = "<group>"; fileEncoding = undefined; lastKnownFileType = unknown; explicitFileType = undefined; includeInIndex = 0; };
		7B5E5BE1C72E40039114A225 /* Poppins-ExtraBold.ttf */ = {isa = PBXFileReference; name = "Poppins-ExtraBold.ttf"; path = "../assets/fonts/Poppins-ExtraBold.ttf"; sourceTree = "<group>"; fileEncoding = undefined; lastKnownFileType = unknown; explicitFileType = undefined; includeInIndex = 0; };
		B8076AAE2B6A492187EF3DCB /* Poppins-ExtraBoldItalic.ttf */ = {isa = PBXFileReference; name = "Poppins-ExtraBoldItalic.ttf"; path = "../assets/fonts/Poppins-ExtraBoldItalic.ttf"; sourceTree = "<group>"; fileEncoding = undefined; lastKnownFileType = unknown; explicitFileType = undefined; includeInIndex = 0; };
		FA81AAE526F5442E83927B85 /* Poppins-ExtraLight.ttf */ = {isa = PBXFileReference; name = "Poppins-ExtraLight.ttf"; path = "../assets/fonts/Poppins-ExtraLight.ttf"; sourceTree = "<group>"; fileEncoding = undefined; lastKnownFileType = unknown; explicitFileType = undefined; includeInIndex = 0; };
		62338172B6FC40AF9FD5AFDD /* Poppins-ExtraLightItalic.ttf */ = {isa = PBXFileReference; name = "Poppins-ExtraLightItalic.ttf"; path = "../assets/fonts/Poppins-ExtraLightItalic.ttf"; sourceTree = "<group>"; fileEncoding = undefined; lastKnownFileType = unknown; explicitFileType = undefined; includeInIndex = 0; };
		3FC262841E4C461BA4BC6153 /* Poppins-Italic.ttf */ = {isa = PBXFileReference; name = "Poppins-Italic.ttf"; path = "../assets/fonts/Poppins-Italic.ttf"; sourceTree = "<group>"; fileEncoding = undefined; lastKnownFileType = unknown; explicitFileType = undefined; includeInIndex = 0; };
		E64950D514394671BB274C01 /* Poppins-Light.ttf */ = {isa = PBXFileReference; name = "Poppins-Light.ttf"; path = "../assets/fonts/Poppins-Light.ttf"; sourceTree = "<group>"; fileEncoding = undefined; lastKnownFileType = unknown; explicitFileType = undefined; includeInIndex = 0; };
		1F06D9BA66F14534B6286895 /* Poppins-LightItalic.ttf */ = {isa = PBXFileReference; name = "Poppins-LightItalic.ttf"; path = "../assets/fonts/Poppins-LightItalic.ttf"; sourceTree = "<group>"; fileEncoding = undefined; lastKnownFileType = unknown; explicitFileType = undefined; includeInIndex = 0; };
		6344FC27EA2647A499842423 /* Poppins-Medium.ttf */ = {isa = PBXFileReference; name = "Poppins-Medium.ttf"; path = "../assets/fonts/Poppins-Medium.ttf"; sourceTree = "<group>"; fileEncoding = undefined; lastKnownFileType = unknown; explicitFileType = undefined; includeInIndex = 0; };
		3B72B2694C144040BA8EEBC2 /* Poppins-MediumItalic.ttf */ = {isa = PBXFileReference; name = "Poppins-MediumItalic.ttf"; path = "../assets/fonts/Poppins-MediumItalic.ttf"; sourceTree = "<group>"; fileEncoding = undefined; lastKnownFileType = unknown; explicitFileType = undefined; includeInIndex = 0; };
		D1FCADFD9131425A9EE33B18 /* Poppins-Regular.ttf */ = {isa = PBXFileReference; name = "Poppins-Regular.ttf"; path = "../assets/fonts/Poppins-Regular.ttf"; sourceTree = "<group>"; fileEncoding = undefined; lastKnownFileType = unknown; explicitFileType = undefined; includeInIndex = 0; };
		19AAD3DFDB5E45E5B28EBA08 /* Poppins-SemiBold.ttf */ = {isa = PBXFileReference; name = "Poppins-SemiBold.ttf"; path = "../assets/fonts/Poppins-SemiBold.ttf"; sourceTree = "<group>"; fileEncoding = undefined; lastKnownFileType = unknown; explicitFileType = undefined; includeInIndex = 0; };
		BD6E4AAFDDD646FB9E0A9F86 /* Poppins-SemiBoldItalic.ttf */ = {isa = PBXFileReference; name = "Poppins-SemiBoldItalic.ttf"; path = "../assets/fonts/Poppins-SemiBoldItalic.ttf"; sourceTree = "<group>"; fileEncoding = undefined; lastKnownFileType = unknown; explicitFileType = undefined; includeInIndex = 0; };
		D646403A9B354B89950B123E /* Poppins-Thin.ttf */ = {isa = PBXFileReference; name = "Poppins-Thin.ttf"; path = "../assets/fonts/Poppins-Thin.ttf"; sourceTree = "<group>"; fileEncoding = undefined; lastKnownFileType = unknown; explicitFileType = undefined; includeInIndex = 0; };
		BB1ED6A263724130BC7E533F /* Poppins-ThinItalic.ttf */ = {isa = PBXFileReference; name = "Poppins-ThinItalic.ttf"; path = "../assets/fonts/Poppins-ThinItalic.ttf"; sourceTree = "<group>"; fileEncoding = undefined; lastKnownFileType = unknown; explicitFileType = undefined; includeInIndex = 0; };
		D05DF10C297B41D69B76AA54 /* Roboto-Black.ttf */ = {isa = PBXFileReference; name = "Roboto-Black.ttf"; path = "../assets/fonts/Roboto-Black.ttf"; sourceTree = "<group>"; fileEncoding = undefined; lastKnownFileType = unknown; explicitFileType = undefined; includeInIndex = 0; };
		1A6B5D8A67DB4D9ABDCAF909 /* Roboto-BlackItalic.ttf */ = {isa = PBXFileReference; name = "Roboto-BlackItalic.ttf"; path = "../assets/fonts/Roboto-BlackItalic.ttf"; sourceTree = "<group>"; fileEncoding = undefined; lastKnownFileType = unknown; explicitFileType = undefined; includeInIndex = 0; };
		5A35E9FB60124FCBBC5D7A48 /* Roboto-Bold.ttf */ = {isa = PBXFileReference; name = "Roboto-Bold.ttf"; path = "../assets/fonts/Roboto-Bold.ttf"; sourceTree = "<group>"; fileEncoding = undefined; lastKnownFileType = unknown; explicitFileType = undefined; includeInIndex = 0; };
		49827511E7C945149562A41A /* Roboto-BoldItalic.ttf */ = {isa = PBXFileReference; name = "Roboto-BoldItalic.ttf"; path = "../assets/fonts/Roboto-BoldItalic.ttf"; sourceTree = "<group>"; fileEncoding = undefined; lastKnownFileType = unknown; explicitFileType = undefined; includeInIndex = 0; };
		2DB109CEA9A7456FBD6C6874 /* Roboto-Italic.ttf */ = {isa = PBXFileReference; name = "Roboto-Italic.ttf"; path = "../assets/fonts/Roboto-Italic.ttf"; sourceTree = "<group>"; fileEncoding = undefined; lastKnownFileType = unknown; explicitFileType = undefined; includeInIndex = 0; };
		23A3C59408A245F1A9DA959B /* Roboto-Light.ttf */ = {isa = PBXFileReference; name = "Roboto-Light.ttf"; path = "../assets/fonts/Roboto-Light.ttf"; sourceTree = "<group>"; fileEncoding = undefined; lastKnownFileType = unknown; explicitFileType = undefined; includeInIndex = 0; };
		31E6D81BFD864F39A687005C /* Roboto-LightItalic.ttf */ = {isa = PBXFileReference; name = "Roboto-LightItalic.ttf"; path = "../assets/fonts/Roboto-LightItalic.ttf"; sourceTree = "<group>"; fileEncoding = undefined; lastKnownFileType = unknown; explicitFileType = undefined; includeInIndex = 0; };
		2AFA304D9EEA43D081631251 /* Roboto-Medium.ttf */ = {isa = PBXFileReference; name = "Roboto-Medium.ttf"; path = "../assets/fonts/Roboto-Medium.ttf"; sourceTree = "<group>"; fileEncoding = undefined; lastKnownFileType = unknown; explicitFileType = undefined; includeInIndex = 0; };
		234DE66EC5044D16A05EC867 /* Roboto-MediumItalic.ttf */ = {isa = PBXFileReference; name = "Roboto-MediumItalic.ttf"; path = "../assets/fonts/Roboto-MediumItalic.ttf"; sourceTree = "<group>"; fileEncoding = undefined; lastKnownFileType = unknown; explicitFileType = undefined; includeInIndex = 0; };
		E66960C10CC44DC281D0CEB5 /* Roboto-Regular.ttf */ = {isa = PBXFileReference; name = "Roboto-Regular.ttf"; path = "../assets/fonts/Roboto-Regular.ttf"; sourceTree = "<group>"; fileEncoding = undefined; lastKnownFileType = unknown; explicitFileType = undefined; includeInIndex = 0; };
		404D732B443B4BB5AA695618 /* Roboto-Thin.ttf */ = {isa = PBXFileReference; name = "Roboto-Thin.ttf"; path = "../assets/fonts/Roboto-Thin.ttf"; sourceTree = "<group>"; fileEncoding = undefined; lastKnownFileType = unknown; explicitFileType = undefined; includeInIndex = 0; };
		C3C19407692F4FF29FBADA9E /* Roboto-ThinItalic.ttf */ = {isa = PBXFileReference; name = "Roboto-ThinItalic.ttf"; path = "../assets/fonts/Roboto-ThinItalic.ttf"; sourceTree = "<group>"; fileEncoding = undefined; lastKnownFileType = unknown; explicitFileType = undefined; includeInIndex = 0; };
		BAB6EA1B45FB4780A0915336 /* Cambay-Bold.ttf */ = {isa = PBXFileReference; name = "Cambay-Bold.ttf"; path = "../assets/fonts/Cambay-Bold.ttf"; sourceTree = "<group>"; fileEncoding = undefined; lastKnownFileType = unknown; explicitFileType = undefined; includeInIndex = 0; };
		373E47E1004F42EDAFE4534F /* Cambay-BoldItalic.ttf */ = {isa = PBXFileReference; name = "Cambay-BoldItalic.ttf"; path = "../assets/fonts/Cambay-BoldItalic.ttf"; sourceTree = "<group>"; fileEncoding = undefined; lastKnownFileType = unknown; explicitFileType = undefined; includeInIndex = 0; };
		39DA821977F64ECE8646A967 /* Cambay-Italic.ttf */ = {isa = PBXFileReference; name = "Cambay-Italic.ttf"; path = "../assets/fonts/Cambay-Italic.ttf"; sourceTree = "<group>"; fileEncoding = undefined; lastKnownFileType = unknown; explicitFileType = undefined; includeInIndex = 0; };
		0ECFD8208F9144C989890160 /* Cambay-Regular.ttf */ = {isa = PBXFileReference; name = "Cambay-Regular.ttf"; path = "../assets/fonts/Cambay-Regular.ttf"; sourceTree = "<group>"; fileEncoding = undefined; lastKnownFileType = unknown; explicitFileType = undefined; includeInIndex = 0; };
		2CE0761351564E32A90046DA /* Lato-Black.ttf */ = {isa = PBXFileReference; name = "Lato-Black.ttf"; path = "../assets/fonts/Lato-Black.ttf"; sourceTree = "<group>"; fileEncoding = undefined; lastKnownFileType = unknown; explicitFileType = undefined; includeInIndex = 0; };
		412E654DF4274767A3528382 /* Lato-BlackItalic.ttf */ = {isa = PBXFileReference; name = "Lato-BlackItalic.ttf"; path = "../assets/fonts/Lato-BlackItalic.ttf"; sourceTree = "<group>"; fileEncoding = undefined; lastKnownFileType = unknown; explicitFileType = undefined; includeInIndex = 0; };
		56885E98412847FB923B8C82 /* Lato-Bold.ttf */ = {isa = PBXFileReference; name = "Lato-Bold.ttf"; path = "../assets/fonts/Lato-Bold.ttf"; sourceTree = "<group>"; fileEncoding = undefined; lastKnownFileType = unknown; explicitFileType = undefined; includeInIndex = 0; };
		81AB1D15E2284AA59DDC3BDE /* Lato-BoldItalic.ttf */ = {isa = PBXFileReference; name = "Lato-BoldItalic.ttf"; path = "../assets/fonts/Lato-BoldItalic.ttf"; sourceTree = "<group>"; fileEncoding = undefined; lastKnownFileType = unknown; explicitFileType = undefined; includeInIndex = 0; };
		13AA3961116F4D63AAE1D572 /* Lato-Italic.ttf */ = {isa = PBXFileReference; name = "Lato-Italic.ttf"; path = "../assets/fonts/Lato-Italic.ttf"; sourceTree = "<group>"; fileEncoding = undefined; lastKnownFileType = unknown; explicitFileType = undefined; includeInIndex = 0; };
		2CCD0B164D3540138886EB07 /* Lato-Light.ttf */ = {isa = PBXFileReference; name = "Lato-Light.ttf"; path = "../assets/fonts/Lato-Light.ttf"; sourceTree = "<group>"; fileEncoding = undefined; lastKnownFileType = unknown; explicitFileType = undefined; includeInIndex = 0; };
		7BDBB4C9994445ACA45FB42D /* Lato-LightItalic.ttf */ = {isa = PBXFileReference; name = "Lato-LightItalic.ttf"; path = "../assets/fonts/Lato-LightItalic.ttf"; sourceTree = "<group>"; fileEncoding = undefined; lastKnownFileType = unknown; explicitFileType = undefined; includeInIndex = 0; };
		1C7E29C447AA4682973FF3D0 /* Lato-Regular.ttf */ = {isa = PBXFileReference; name = "Lato-Regular.ttf"; path = "../assets/fonts/Lato-Regular.ttf"; sourceTree = "<group>"; fileEncoding = undefined; lastKnownFileType = unknown; explicitFileType = undefined; includeInIndex = 0; };
		191EF123928546A39EB36CD5 /* Lato-Thin.ttf */ = {isa = PBXFileReference; name = "Lato-Thin.ttf"; path = "../assets/fonts/Lato-Thin.ttf"; sourceTree = "<group>"; fileEncoding = undefined; lastKnownFileType = unknown; explicitFileType = undefined; includeInIndex = 0; };
		658BA006700B4344B4F82D0F /* Lato-ThinItalic.ttf */ = {isa = PBXFileReference; name = "Lato-ThinItalic.ttf"; path = "../assets/fonts/Lato-ThinItalic.ttf"; sourceTree = "<group>"; fileEncoding = undefined; lastKnownFileType = unknown; explicitFileType = undefined; includeInIndex = 0; };
/* End PBXFileReference section */

/* Begin PBXFrameworksBuildPhase section */
		00E356EB1AD99517003FC87E /* Frameworks */ = {
			isa = PBXFrameworksBuildPhase;
			buildActionMask = 2147483647;
			files = (
			);
			runOnlyForDeploymentPostprocessing = 0;
		};
		13B07F8C1A680F5B00A75B9A /* Frameworks */ = {
			isa = PBXFrameworksBuildPhase;
			buildActionMask = 2147483647;
			files = (
			);
			runOnlyForDeploymentPostprocessing = 0;
		};
/* End PBXFrameworksBuildPhase section */

/* Begin PBXGroup section */
		00E356EF1AD99517003FC87E /* myappTests */ = {
			isa = PBXGroup;
			children = (
				00E356F21AD99517003FC87E /* myappTests.m */,
				00E356F01AD99517003FC87E /* Supporting Files */,
			);
			path = myappTests;
			sourceTree = "<group>";
		};
		00E356F01AD99517003FC87E /* Supporting Files */ = {
			isa = PBXGroup;
			children = (
				00E356F11AD99517003FC87E /* Info.plist */,
			);
			name = "Supporting Files";
			sourceTree = "<group>";
		};
		13B07FAE1A68108700A75B9A /* myapp */ = {
			isa = PBXGroup;
			children = (
				13B07FAF1A68108700A75B9A /* AppDelegate.h */,
				13B07FB01A68108700A75B9A /* AppDelegate.m */,
				13B07FB51A68108700A75B9A /* Images.xcassets */,
				13B07FB61A68108700A75B9A /* Info.plist */,
				81AB9BB72411601600AC10FF /* LaunchScreen.storyboard */,
				13B07FB71A68108700A75B9A /* main.m */,
			);
			name = myapp;
			sourceTree = "<group>";
		};
		2D16E6871FA4F8E400B85C8A /* Frameworks */ = {
			isa = PBXGroup;
			children = (
				ED297162215061F000B7C4FE /* JavaScriptCore.framework */,
			);
			name = Frameworks;
			sourceTree = "<group>";
		};
		832341AE1AAA6A7D00B99B32 /* Libraries */ = {
			isa = PBXGroup;
			children = (
			);
			name = Libraries;
			sourceTree = "<group>";
		};
		83CBB9F61A601CBA00E9B192 = {
			isa = PBXGroup;
			children = (
				13B07FAE1A68108700A75B9A /* myapp */,
				832341AE1AAA6A7D00B99B32 /* Libraries */,
				00E356EF1AD99517003FC87E /* myappTests */,
				83CBBA001A601CBA00E9B192 /* Products */,
				2D16E6871FA4F8E400B85C8A /* Frameworks */,
				75EB088F4D7B487F85B4674C /* Resources */,
			);
			indentWidth = 2;
			sourceTree = "<group>";
			tabWidth = 2;
			usesTabs = 0;
		};
		83CBBA001A601CBA00E9B192 /* Products */ = {
			isa = PBXGroup;
			children = (
				13B07F961A680F5B00A75B9A /* myapp.app */,
				00E356EE1AD99517003FC87E /* myappTests.xctest */,
			);
			name = Products;
			sourceTree = "<group>";
		};
		75EB088F4D7B487F85B4674C /* Resources */ = {
			isa = "PBXGroup";
			children = (
				29825DE654924291ABEE8299 /* AntDesign.ttf */,
				012C23A34D194DC7939038C0 /* Entypo.ttf */,
				1A579F8A11C8479C953325AA /* EvilIcons.ttf */,
				F1AC9DD124B7439CAA26E343 /* Feather.ttf */,
				E85A08CFB3E842FE9DC5C7A4 /* FontAwesome.ttf */,
				EB2F83BBBA4B4F548A3C368E /* FontAwesome5_Brands.ttf */,
				80ABB86012DE4CA9A31B9D93 /* FontAwesome5_Regular.ttf */,
				BB8BBF60FA6F45FF8FB62953 /* FontAwesome5_Solid.ttf */,
				6B78A11141A4469EAA728E12 /* Fontisto.ttf */,
				17BD604013CF4D9EB9020281 /* Foundation.ttf */,
				C9FF29F31A9B4CA7BDE53C67 /* Ionicons.ttf */,
				D9059FA2FE77456D8ECA026F /* MaterialCommunityIcons.ttf */,
				DF2F878098C243568492F77A /* MaterialIcons.ttf */,
				C09528FC3AF14EC6BAB70FD0 /* Octicons.ttf */,
				9DEBBFA0C2334C129E0A9F4B /* SimpleLineIcons.ttf */,
				CC841E26E8274F4E878D7A4E /* Zocial.ttf */,
				34C1176798724F9F854DDC28 /* Poppins-Black.ttf */,
				01DC1558DCA7404A9A2F24E8 /* Poppins-BlackItalic.ttf */,
				7B175FD92CA14D9DB0520A6B /* Poppins-Bold.ttf */,
				2ED887F9BDB341AE96C787C3 /* Poppins-BoldItalic.ttf */,
				7B5E5BE1C72E40039114A225 /* Poppins-ExtraBold.ttf */,
				B8076AAE2B6A492187EF3DCB /* Poppins-ExtraBoldItalic.ttf */,
				FA81AAE526F5442E83927B85 /* Poppins-ExtraLight.ttf */,
				62338172B6FC40AF9FD5AFDD /* Poppins-ExtraLightItalic.ttf */,
				3FC262841E4C461BA4BC6153 /* Poppins-Italic.ttf */,
				E64950D514394671BB274C01 /* Poppins-Light.ttf */,
				1F06D9BA66F14534B6286895 /* Poppins-LightItalic.ttf */,
				6344FC27EA2647A499842423 /* Poppins-Medium.ttf */,
				3B72B2694C144040BA8EEBC2 /* Poppins-MediumItalic.ttf */,
				D1FCADFD9131425A9EE33B18 /* Poppins-Regular.ttf */,
				19AAD3DFDB5E45E5B28EBA08 /* Poppins-SemiBold.ttf */,
				BD6E4AAFDDD646FB9E0A9F86 /* Poppins-SemiBoldItalic.ttf */,
				D646403A9B354B89950B123E /* Poppins-Thin.ttf */,
				BB1ED6A263724130BC7E533F /* Poppins-ThinItalic.ttf */,
				D05DF10C297B41D69B76AA54 /* Roboto-Black.ttf */,
				1A6B5D8A67DB4D9ABDCAF909 /* Roboto-BlackItalic.ttf */,
				5A35E9FB60124FCBBC5D7A48 /* Roboto-Bold.ttf */,
				49827511E7C945149562A41A /* Roboto-BoldItalic.ttf */,
				2DB109CEA9A7456FBD6C6874 /* Roboto-Italic.ttf */,
				23A3C59408A245F1A9DA959B /* Roboto-Light.ttf */,
				31E6D81BFD864F39A687005C /* Roboto-LightItalic.ttf */,
				2AFA304D9EEA43D081631251 /* Roboto-Medium.ttf */,
				234DE66EC5044D16A05EC867 /* Roboto-MediumItalic.ttf */,
				E66960C10CC44DC281D0CEB5 /* Roboto-Regular.ttf */,
				404D732B443B4BB5AA695618 /* Roboto-Thin.ttf */,
				C3C19407692F4FF29FBADA9E /* Roboto-ThinItalic.ttf */,
				BAB6EA1B45FB4780A0915336 /* Cambay-Bold.ttf */,
				373E47E1004F42EDAFE4534F /* Cambay-BoldItalic.ttf */,
				39DA821977F64ECE8646A967 /* Cambay-Italic.ttf */,
				0ECFD8208F9144C989890160 /* Cambay-Regular.ttf */,
				2CE0761351564E32A90046DA /* Lato-Black.ttf */,
				412E654DF4274767A3528382 /* Lato-BlackItalic.ttf */,
				56885E98412847FB923B8C82 /* Lato-Bold.ttf */,
				81AB1D15E2284AA59DDC3BDE /* Lato-BoldItalic.ttf */,
				13AA3961116F4D63AAE1D572 /* Lato-Italic.ttf */,
				2CCD0B164D3540138886EB07 /* Lato-Light.ttf */,
				7BDBB4C9994445ACA45FB42D /* Lato-LightItalic.ttf */,
				1C7E29C447AA4682973FF3D0 /* Lato-Regular.ttf */,
				191EF123928546A39EB36CD5 /* Lato-Thin.ttf */,
				658BA006700B4344B4F82D0F /* Lato-ThinItalic.ttf */,
			);
			name = Resources;
			sourceTree = "<group>";
			path = "";
		};
/* End PBXGroup section */

/* Begin PBXNativeTarget section */
		00E356ED1AD99517003FC87E /* myappTests */ = {
			isa = PBXNativeTarget;
			buildConfigurationList = 00E357021AD99517003FC87E /* Build configuration list for PBXNativeTarget "myappTests" */;
			buildPhases = (
				00E356EA1AD99517003FC87E /* Sources */,
				00E356EB1AD99517003FC87E /* Frameworks */,
				00E356EC1AD99517003FC87E /* Resources */,
			);
			buildRules = (
			);
			dependencies = (
				00E356F51AD99517003FC87E /* PBXTargetDependency */,
			);
			name = myappTests;
			productName = myappTests;
			productReference = 00E356EE1AD99517003FC87E /* myappTests.xctest */;
			productType = "com.apple.product-type.bundle.unit-test";
		};
		13B07F861A680F5B00A75B9A /* myapp */ = {
			isa = PBXNativeTarget;
			buildConfigurationList = 13B07F931A680F5B00A75B9A /* Build configuration list for PBXNativeTarget "myapp" */;
			buildPhases = (
				FD10A7F022414F080027D42C /* Start Packager */,
				13B07F871A680F5B00A75B9A /* Sources */,
				13B07F8C1A680F5B00A75B9A /* Frameworks */,
				13B07F8E1A680F5B00A75B9A /* Resources */,
				00DD1BFF1BD5951E006B06BC /* Bundle React Native code and images */,
			);
			buildRules = (
			);
			dependencies = (
			);
			name = myapp;
			productName = myapp;
			productReference = 13B07F961A680F5B00A75B9A /* myapp.app */;
			productType = "com.apple.product-type.application";
		};
/* End PBXNativeTarget section */

/* Begin PBXProject section */
		83CBB9F71A601CBA00E9B192 /* Project object */ = {
			isa = PBXProject;
			attributes = {
				LastUpgradeCheck = 1210;
				TargetAttributes = {
					00E356ED1AD99517003FC87E = {
						CreatedOnToolsVersion = 6.2;
						TestTargetID = 13B07F861A680F5B00A75B9A;
					};
					13B07F861A680F5B00A75B9A = {
						LastSwiftMigration = 1120;
					};
				};
			};
			buildConfigurationList = 83CBB9FA1A601CBA00E9B192 /* Build configuration list for PBXProject "myapp" */;
			compatibilityVersion = "Xcode 12.0";
			developmentRegion = en;
			hasScannedForEncodings = 0;
			knownRegions = (
				en,
				Base,
			);
			mainGroup = 83CBB9F61A601CBA00E9B192;
			productRefGroup = 83CBBA001A601CBA00E9B192 /* Products */;
			projectDirPath = "";
			projectRoot = "";
			targets = (
				13B07F861A680F5B00A75B9A /* myapp */,
				00E356ED1AD99517003FC87E /* myappTests */,
			);
		};
/* End PBXProject section */

/* Begin PBXResourcesBuildPhase section */
		00E356EC1AD99517003FC87E /* Resources */ = {
			isa = PBXResourcesBuildPhase;
			buildActionMask = 2147483647;
			files = (
			);
			runOnlyForDeploymentPostprocessing = 0;
		};
		13B07F8E1A680F5B00A75B9A /* Resources */ = {
			isa = PBXResourcesBuildPhase;
			buildActionMask = 2147483647;
			files = (
				81AB9BB82411601600AC10FF /* LaunchScreen.storyboard in Resources */,
				13B07FBF1A68108700A75B9A /* Images.xcassets in Resources */,
				C301761A0A444688827E6FDD /* AntDesign.ttf in Resources */,
				9F03B87E4E2940BFB9CD9C65 /* Entypo.ttf in Resources */,
				2E3B706DA70F461F99D99442 /* EvilIcons.ttf in Resources */,
				4AC1496F1F85432188669E23 /* Feather.ttf in Resources */,
				1568F55CB1A644E9A93D50D4 /* FontAwesome.ttf in Resources */,
				F5F235BA79AF4B38ACC2A401 /* FontAwesome5_Brands.ttf in Resources */,
				1A65345087244C1694748406 /* FontAwesome5_Regular.ttf in Resources */,
				FD871A7DAA6F4E4CB374CA6C /* FontAwesome5_Solid.ttf in Resources */,
				51B292058D6F42238491482E /* Fontisto.ttf in Resources */,
				87E90F68A8EF455C90BE7C5D /* Foundation.ttf in Resources */,
				B5D1489AE1F644EB9FE838FC /* Ionicons.ttf in Resources */,
				77445087F3774D98B5F9BD22 /* MaterialCommunityIcons.ttf in Resources */,
				B3E76588B8D44F8482DC0B99 /* MaterialIcons.ttf in Resources */,
				674E80A2BAAF42AC9BF424E2 /* Octicons.ttf in Resources */,
				F1499CB6815A44FEA48A7249 /* SimpleLineIcons.ttf in Resources */,
				36FA236474BA434092B80A4F /* Zocial.ttf in Resources */,
				A4D8C3ECEBA84C949241903A /* Poppins-Black.ttf in Resources */,
				815A008D97504938A025A5FA /* Poppins-BlackItalic.ttf in Resources */,
				562C041AF2A946C186F785C4 /* Poppins-Bold.ttf in Resources */,
				E7BC712B942E42B88CFFF26E /* Poppins-BoldItalic.ttf in Resources */,
				04066C47B73043A3A61EFA6E /* Poppins-ExtraBold.ttf in Resources */,
				0CBCB00F85B142828C3110EE /* Poppins-ExtraBoldItalic.ttf in Resources */,
				6D92C8D4B47E420CA0D4B037 /* Poppins-ExtraLight.ttf in Resources */,
				74C6E8C0213C49DE89BCB92B /* Poppins-ExtraLightItalic.ttf in Resources */,
				549702872CB64700BFEDB11E /* Poppins-Italic.ttf in Resources */,
				F6B7BD71832644B1B377A54E /* Poppins-Light.ttf in Resources */,
				8D532D11BF7C4AD198398B62 /* Poppins-LightItalic.ttf in Resources */,
				A6E875B8E003481EBF5CCB21 /* Poppins-Medium.ttf in Resources */,
				CC71128FE89B46BBB9A73272 /* Poppins-MediumItalic.ttf in Resources */,
				BDE19CC330D24AA2B86A74B7 /* Poppins-Regular.ttf in Resources */,
				98A1FDE0B4BE4232954B51F3 /* Poppins-SemiBold.ttf in Resources */,
				267213F7F36144A68E7B5A0F /* Poppins-SemiBoldItalic.ttf in Resources */,
				CD96F3ED19224F0A9C0E5AFE /* Poppins-Thin.ttf in Resources */,
				7FFA9CA93B4B4DE891CB3609 /* Poppins-ThinItalic.ttf in Resources */,
				13A1EE688ECC4579845BD406 /* Roboto-Black.ttf in Resources */,
				72EE99E23B9049FF9691C3FD /* Roboto-BlackItalic.ttf in Resources */,
				406A3C8B202A4FF39188DEE6 /* Roboto-Bold.ttf in Resources */,
				D965CC2CC6DB43FD8830827C /* Roboto-BoldItalic.ttf in Resources */,
				9FA8564BF35E464F9050CBBE /* Roboto-Italic.ttf in Resources */,
				964FAD73B3364FC784398811 /* Roboto-Light.ttf in Resources */,
				A4A484DF4D934AD59E60C4A2 /* Roboto-LightItalic.ttf in Resources */,
				DBD83C84224543E29A79383B /* Roboto-Medium.ttf in Resources */,
				5B2AF1AFA258429EB44CF51C /* Roboto-MediumItalic.ttf in Resources */,
				F36E997C65854FDD81447ADD /* Roboto-Regular.ttf in Resources */,
				798A03D3C7CC436EA11CB0C4 /* Roboto-Thin.ttf in Resources */,
				2E23DCA4A86443FF82B82501 /* Roboto-ThinItalic.ttf in Resources */,
				77BC139D2D3E45FA97A289E2 /* Cambay-Bold.ttf in Resources */,
				75A2A75D26014759A1BC083A /* Cambay-BoldItalic.ttf in Resources */,
				2B29A7ED2FF849918E1912C6 /* Cambay-Italic.ttf in Resources */,
				149F982F194E47FBB8689699 /* Cambay-Regular.ttf in Resources */,
				A122BA40F91848AB91006B54 /* Lato-Black.ttf in Resources */,
				6BED3C19E47342FFA6CE38FF /* Lato-BlackItalic.ttf in Resources */,
				05926EA9634143E99416450B /* Lato-Bold.ttf in Resources */,
				65065C710A6C43F78048098A /* Lato-BoldItalic.ttf in Resources */,
				86DB67F741DF43E2AD4A20F0 /* Lato-Italic.ttf in Resources */,
				2D9F9F302C504E02B8694D1B /* Lato-Light.ttf in Resources */,
				7F7EA63343C7450F9140F107 /* Lato-LightItalic.ttf in Resources */,
				A71D21398F114F099AB943D6 /* Lato-Regular.ttf in Resources */,
				81C36B9143704B68B52B5EE7 /* Lato-Thin.ttf in Resources */,
				9567BF51555D479BB9C8444A /* Lato-ThinItalic.ttf in Resources */,
			);
			runOnlyForDeploymentPostprocessing = 0;
		};
/* End PBXResourcesBuildPhase section */

/* Begin PBXShellScriptBuildPhase section */
		00DD1BFF1BD5951E006B06BC /* Bundle React Native code and images */ = {
			isa = PBXShellScriptBuildPhase;
			buildActionMask = 2147483647;
			files = (
			);
			inputPaths = (
			);
			name = "Bundle React Native code and images";
			outputPaths = (
			);
			runOnlyForDeploymentPostprocessing = 0;
			shellPath = /bin/sh;
			shellScript = "set -e\n\nexport NODE_BINARY=node\n../node_modules/react-native/scripts/react-native-xcode.sh\n";
		};
		FD10A7F022414F080027D42C /* Start Packager */ = {
			isa = PBXShellScriptBuildPhase;
			buildActionMask = 2147483647;
			files = (
			);
			inputFileListPaths = (
			);
			inputPaths = (
			);
			name = "Start Packager";
			outputFileListPaths = (
			);
			outputPaths = (
			);
			runOnlyForDeploymentPostprocessing = 0;
			shellPath = /bin/sh;
			shellScript = "export RCT_METRO_PORT=\"${RCT_METRO_PORT:=8081}\"\necho \"export RCT_METRO_PORT=${RCT_METRO_PORT}\" > \"${SRCROOT}/../node_modules/react-native/scripts/.packager.env\"\nif [ -z \"${RCT_NO_LAUNCH_PACKAGER+xxx}\" ] ; then\n  if nc -w 5 -z localhost ${RCT_METRO_PORT} ; then\n    if ! curl -s \"http://localhost:${RCT_METRO_PORT}/status\" | grep -q \"packager-status:running\" ; then\n      echo \"Port ${RCT_METRO_PORT} already in use, packager is either not running or not running correctly\"\n      exit 2\n    fi\n  else\n    open \"$SRCROOT/../node_modules/react-native/scripts/launchPackager.command\" || echo \"Can't start packager automatically\"\n  fi\nfi\n";
			showEnvVarsInLog = 0;
		};
/* End PBXShellScriptBuildPhase section */

/* Begin PBXSourcesBuildPhase section */
		00E356EA1AD99517003FC87E /* Sources */ = {
			isa = PBXSourcesBuildPhase;
			buildActionMask = 2147483647;
			files = (
				00E356F31AD99517003FC87E /* myappTests.m in Sources */,
			);
			runOnlyForDeploymentPostprocessing = 0;
		};
		13B07F871A680F5B00A75B9A /* Sources */ = {
			isa = PBXSourcesBuildPhase;
			buildActionMask = 2147483647;
			files = (
				13B07FBC1A68108700A75B9A /* AppDelegate.m in Sources */,
				13B07FC11A68108700A75B9A /* main.m in Sources */,
			);
			runOnlyForDeploymentPostprocessing = 0;
		};
/* End PBXSourcesBuildPhase section */

/* Begin PBXTargetDependency section */
		00E356F51AD99517003FC87E /* PBXTargetDependency */ = {
			isa = PBXTargetDependency;
			target = 13B07F861A680F5B00A75B9A /* myapp */;
			targetProxy = 00E356F41AD99517003FC87E /* PBXContainerItemProxy */;
		};
/* End PBXTargetDependency section */

/* Begin XCBuildConfiguration section */
		00E356F61AD99517003FC87E /* Debug */ = {
			isa = XCBuildConfiguration;
			buildSettings = {
				BUNDLE_LOADER = "$(TEST_HOST)";
				GCC_PREPROCESSOR_DEFINITIONS = (
					"DEBUG=1",
					"$(inherited)",
				);
				INFOPLIST_FILE = myappTests/Info.plist;
				IPHONEOS_DEPLOYMENT_TARGET = 10.0;
				LD_RUNPATH_SEARCH_PATHS = (
					"$(inherited)",
					"@executable_path/Frameworks",
					"@loader_path/Frameworks",
				);
				OTHER_LDFLAGS = (
					"-ObjC",
					"-lc++",
					"$(inherited)",
				);
				PRODUCT_BUNDLE_IDENTIFIER = "org.reactjs.native.example.$(PRODUCT_NAME:rfc1034identifier)";
				PRODUCT_NAME = "$(TARGET_NAME)";
				TEST_HOST = "$(BUILT_PRODUCTS_DIR)/myapp.app/myapp";
			};
			name = Debug;
		};
		00E356F71AD99517003FC87E /* Release */ = {
			isa = XCBuildConfiguration;
			buildSettings = {
				BUNDLE_LOADER = "$(TEST_HOST)";
				COPY_PHASE_STRIP = NO;
				INFOPLIST_FILE = myappTests/Info.plist;
				IPHONEOS_DEPLOYMENT_TARGET = 10.0;
				LD_RUNPATH_SEARCH_PATHS = (
					"$(inherited)",
					"@executable_path/Frameworks",
					"@loader_path/Frameworks",
				);
				OTHER_LDFLAGS = (
					"-ObjC",
					"-lc++",
					"$(inherited)",
				);
				PRODUCT_BUNDLE_IDENTIFIER = "org.reactjs.native.example.$(PRODUCT_NAME:rfc1034identifier)";
				PRODUCT_NAME = "$(TARGET_NAME)";
				TEST_HOST = "$(BUILT_PRODUCTS_DIR)/myapp.app/myapp";
			};
			name = Release;
		};
		13B07F941A680F5B00A75B9A /* Debug */ = {
			isa = XCBuildConfiguration;
			buildSettings = {
				ASSETCATALOG_COMPILER_APPICON_NAME = AppIcon;
				CLANG_ENABLE_MODULES = YES;
				CURRENT_PROJECT_VERSION = 1;
				ENABLE_BITCODE = NO;
				INFOPLIST_FILE = myapp/Info.plist;
				LD_RUNPATH_SEARCH_PATHS = (
					"$(inherited)",
					"@executable_path/Frameworks",
				);
				OTHER_LDFLAGS = (
					"$(inherited)",
					"-ObjC",
					"-lc++",
				);
				PRODUCT_BUNDLE_IDENTIFIER = "org.reactjs.native.example.$(PRODUCT_NAME:rfc1034identifier)";
				PRODUCT_NAME = myapp;
				SWIFT_OPTIMIZATION_LEVEL = "-Onone";
				SWIFT_VERSION = 5.0;
				VERSIONING_SYSTEM = "apple-generic";
			};
			name = Debug;
		};
		13B07F951A680F5B00A75B9A /* Release */ = {
			isa = XCBuildConfiguration;
			buildSettings = {
				ASSETCATALOG_COMPILER_APPICON_NAME = AppIcon;
				CLANG_ENABLE_MODULES = YES;
				CURRENT_PROJECT_VERSION = 1;
				INFOPLIST_FILE = myapp/Info.plist;
				LD_RUNPATH_SEARCH_PATHS = (
					"$(inherited)",
					"@executable_path/Frameworks",
				);
				OTHER_LDFLAGS = (
					"$(inherited)",
					"-ObjC",
					"-lc++",
				);
				PRODUCT_BUNDLE_IDENTIFIER = "org.reactjs.native.example.$(PRODUCT_NAME:rfc1034identifier)";
				PRODUCT_NAME = myapp;
				SWIFT_VERSION = 5.0;
				VERSIONING_SYSTEM = "apple-generic";
			};
			name = Release;
		};
		83CBBA201A601CBA00E9B192 /* Debug */ = {
			isa = XCBuildConfiguration;
			buildSettings = {
				ALWAYS_SEARCH_USER_PATHS = NO;
				CLANG_ANALYZER_LOCALIZABILITY_NONLOCALIZED = YES;
				CLANG_CXX_LANGUAGE_STANDARD = "gnu++0x";
				CLANG_CXX_LIBRARY = "libc++";
				CLANG_ENABLE_MODULES = YES;
				CLANG_ENABLE_OBJC_ARC = YES;
				CLANG_WARN_BLOCK_CAPTURE_AUTORELEASING = YES;
				CLANG_WARN_BOOL_CONVERSION = YES;
				CLANG_WARN_COMMA = YES;
				CLANG_WARN_CONSTANT_CONVERSION = YES;
				CLANG_WARN_DEPRECATED_OBJC_IMPLEMENTATIONS = YES;
				CLANG_WARN_DIRECT_OBJC_ISA_USAGE = YES_ERROR;
				CLANG_WARN_EMPTY_BODY = YES;
				CLANG_WARN_ENUM_CONVERSION = YES;
				CLANG_WARN_INFINITE_RECURSION = YES;
				CLANG_WARN_INT_CONVERSION = YES;
				CLANG_WARN_NON_LITERAL_NULL_CONVERSION = YES;
				CLANG_WARN_OBJC_IMPLICIT_RETAIN_SELF = YES;
				CLANG_WARN_OBJC_LITERAL_CONVERSION = YES;
				CLANG_WARN_OBJC_ROOT_CLASS = YES_ERROR;
				CLANG_WARN_QUOTED_INCLUDE_IN_FRAMEWORK_HEADER = YES;
				CLANG_WARN_RANGE_LOOP_ANALYSIS = YES;
				CLANG_WARN_STRICT_PROTOTYPES = YES;
				CLANG_WARN_SUSPICIOUS_MOVE = YES;
				CLANG_WARN_UNREACHABLE_CODE = YES;
				CLANG_WARN__DUPLICATE_METHOD_MATCH = YES;
				"CODE_SIGN_IDENTITY[sdk=iphoneos*]" = "iPhone Developer";
				COPY_PHASE_STRIP = NO;
				ENABLE_STRICT_OBJC_MSGSEND = YES;
				ENABLE_TESTABILITY = YES;
				GCC_C_LANGUAGE_STANDARD = gnu99;
				GCC_DYNAMIC_NO_PIC = NO;
				GCC_NO_COMMON_BLOCKS = YES;
				GCC_OPTIMIZATION_LEVEL = 0;
				GCC_PREPROCESSOR_DEFINITIONS = (
					"DEBUG=1",
					"$(inherited)",
				);
				GCC_SYMBOLS_PRIVATE_EXTERN = NO;
				GCC_WARN_64_TO_32_BIT_CONVERSION = YES;
				GCC_WARN_ABOUT_RETURN_TYPE = YES_ERROR;
				GCC_WARN_UNDECLARED_SELECTOR = YES;
				GCC_WARN_UNINITIALIZED_AUTOS = YES_AGGRESSIVE;
				GCC_WARN_UNUSED_FUNCTION = YES;
				GCC_WARN_UNUSED_VARIABLE = YES;
				IPHONEOS_DEPLOYMENT_TARGET = 10.0;
				LD_RUNPATH_SEARCH_PATHS = (
					/usr/lib/swift,
					"$(inherited)",
				);
				LIBRARY_SEARCH_PATHS = (
					"\"$(TOOLCHAIN_DIR)/usr/lib/swift/$(PLATFORM_NAME)\"",
					"\"$(TOOLCHAIN_DIR)/usr/lib/swift-5.0/$(PLATFORM_NAME)\"",
					"\"$(inherited)\"",
				);
				MTL_ENABLE_DEBUG_INFO = YES;
				ONLY_ACTIVE_ARCH = YES;
				SDKROOT = iphoneos;
			};
			name = Debug;
		};
		83CBBA211A601CBA00E9B192 /* Release */ = {
			isa = XCBuildConfiguration;
			buildSettings = {
				ALWAYS_SEARCH_USER_PATHS = NO;
				CLANG_ANALYZER_LOCALIZABILITY_NONLOCALIZED = YES;
				CLANG_CXX_LANGUAGE_STANDARD = "gnu++0x";
				CLANG_CXX_LIBRARY = "libc++";
				CLANG_ENABLE_MODULES = YES;
				CLANG_ENABLE_OBJC_ARC = YES;
				CLANG_WARN_BLOCK_CAPTURE_AUTORELEASING = YES;
				CLANG_WARN_BOOL_CONVERSION = YES;
				CLANG_WARN_COMMA = YES;
				CLANG_WARN_CONSTANT_CONVERSION = YES;
				CLANG_WARN_DEPRECATED_OBJC_IMPLEMENTATIONS = YES;
				CLANG_WARN_DIRECT_OBJC_ISA_USAGE = YES_ERROR;
				CLANG_WARN_EMPTY_BODY = YES;
				CLANG_WARN_ENUM_CONVERSION = YES;
				CLANG_WARN_INFINITE_RECURSION = YES;
				CLANG_WARN_INT_CONVERSION = YES;
				CLANG_WARN_NON_LITERAL_NULL_CONVERSION = YES;
				CLANG_WARN_OBJC_IMPLICIT_RETAIN_SELF = YES;
				CLANG_WARN_OBJC_LITERAL_CONVERSION = YES;
				CLANG_WARN_OBJC_ROOT_CLASS = YES_ERROR;
				CLANG_WARN_QUOTED_INCLUDE_IN_FRAMEWORK_HEADER = YES;
				CLANG_WARN_RANGE_LOOP_ANALYSIS = YES;
				CLANG_WARN_STRICT_PROTOTYPES = YES;
				CLANG_WARN_SUSPICIOUS_MOVE = YES;
				CLANG_WARN_UNREACHABLE_CODE = YES;
				CLANG_WARN__DUPLICATE_METHOD_MATCH = YES;
				"CODE_SIGN_IDENTITY[sdk=iphoneos*]" = "iPhone Developer";
				COPY_PHASE_STRIP = YES;
				ENABLE_NS_ASSERTIONS = NO;
				ENABLE_STRICT_OBJC_MSGSEND = YES;
				GCC_C_LANGUAGE_STANDARD = gnu99;
				GCC_NO_COMMON_BLOCKS = YES;
				GCC_WARN_64_TO_32_BIT_CONVERSION = YES;
				GCC_WARN_ABOUT_RETURN_TYPE = YES_ERROR;
				GCC_WARN_UNDECLARED_SELECTOR = YES;
				GCC_WARN_UNINITIALIZED_AUTOS = YES_AGGRESSIVE;
				GCC_WARN_UNUSED_FUNCTION = YES;
				GCC_WARN_UNUSED_VARIABLE = YES;
				IPHONEOS_DEPLOYMENT_TARGET = 10.0;
				LD_RUNPATH_SEARCH_PATHS = (
					/usr/lib/swift,
					"$(inherited)",
				);
				LIBRARY_SEARCH_PATHS = (
					"\"$(TOOLCHAIN_DIR)/usr/lib/swift/$(PLATFORM_NAME)\"",
					"\"$(TOOLCHAIN_DIR)/usr/lib/swift-5.0/$(PLATFORM_NAME)\"",
					"\"$(inherited)\"",
				);
				MTL_ENABLE_DEBUG_INFO = NO;
				SDKROOT = iphoneos;
				VALIDATE_PRODUCT = YES;
			};
			name = Release;
		};
/* End XCBuildConfiguration section */

/* Begin XCConfigurationList section */
		00E357021AD99517003FC87E /* Build configuration list for PBXNativeTarget "myappTests" */ = {
			isa = XCConfigurationList;
			buildConfigurations = (
				00E356F61AD99517003FC87E /* Debug */,
				00E356F71AD99517003FC87E /* Release */,
			);
			defaultConfigurationIsVisible = 0;
			defaultConfigurationName = Release;
		};
		13B07F931A680F5B00A75B9A /* Build configuration list for PBXNativeTarget "myapp" */ = {
			isa = XCConfigurationList;
			buildConfigurations = (
				13B07F941A680F5B00A75B9A /* Debug */,
				13B07F951A680F5B00A75B9A /* Release */,
			);
			defaultConfigurationIsVisible = 0;
			defaultConfigurationName = Release;
		};
		83CBB9FA1A601CBA00E9B192 /* Build configuration list for PBXProject "myapp" */ = {
			isa = XCConfigurationList;
			buildConfigurations = (
				83CBBA201A601CBA00E9B192 /* Debug */,
				83CBBA211A601CBA00E9B192 /* Release */,
			);
			defaultConfigurationIsVisible = 0;
			defaultConfigurationName = Release;
		};
/* End XCConfigurationList section */
	};
	rootObject = 83CBB9F71A601CBA00E9B192 /* Project object */;
}
